
Microsoft Visual Studio Solution File, Format Version 12.00
# Visual Studio Version 16
VisualStudioVersion = 16.0.29215.179
MinimumVisualStudioVersion = 10.0.40219.1
Project("{FAE04EC0-301F-11D3-BF4B-00C04F79EFBC}") = "RemoteScreen", "RemoteScreen\RemoteScreen.csproj", "{3F34F967-278B-42F1-A975-46DBDD63FEFE}"
EndProject
Global
	GlobalSection(SolutionConfigurationPlatforms) = preSolution
		Debug|Any CPU = Debug|Any CPU
		Release|Any CPU = Release|Any CPU
	EndGlobalSection
	GlobalSection(ProjectConfigurationPlatforms) = postSolution
		{3F34F967-278B-42F1-A975-46DBDD63FEFE}.Debug|Any CPU.ActiveCfg = Debug|Any CPU
		{3F34F967-278B-42F1-A975-46DBDD63FEFE}.Debug|Any CPU.Build.0 = Debug|Any CPU
		{3F34F967-278B-42F1-A975-46DBDD63FEFE}.Release|Any CPU.ActiveCfg = Release|Any CPU
		{3F34F967-278B-42F1-A975-46DBDD63FEFE}.Release|Any CPU.Build.0 = Release|Any CPU
	EndGlobalSection
	GlobalSection(SolutionProperties) = preSolution
		HideSolutionNode = FALSE
	EndGlobalSection
	GlobalSection(ExtensibilityGlobals) = postSolution
		SolutionGuid = {8C2AE6D8-3E50-4D13-924D-EE4F1E71E31D}
	EndGlobalSection
EndGlobal
